// !$*UTF8*$!
{
	archiveVersion = 1;
	classes = {
	};
	objectVersion = 77;
	objects = {

/* Begin PBXBuildFile section */
		53A2DF402DB28BDE00550111 /* SnapKit in Frameworks */ = {isa = PBXBuildFile; productRef = 53A2DF3F2DB28BDE00550111 /* SnapKit */; };
		53A2DF432DB28BED00550111 /* Alamofire in Frameworks */ = {isa = PBXBuildFile; productRef = 53A2DF422DB28BED00550111 /* Alamofire */; };
		53A2DF462DB28C1E00550111 /* RxCocoa in Frameworks */ = {isa = PBXBuildFile; productRef = 53A2DF452DB28C1E00550111 /* RxCocoa */; };
		53A2DF482DB28C1E00550111 /* RxRelay in Frameworks */ = {isa = PBXBuildFile; productRef = 53A2DF472DB28C1E00550111 /* RxRelay */; };
		53A2DF4A2DB28C1E00550111 /* RxSwift in Frameworks */ = {isa = PBXBuildFile; productRef = 53A2DF492DB28C1E00550111 /* RxSwift */; };
/* End PBXBuildFile section */

/* Begin PBXContainerItemProxy section */
		B74D88582DB289C900825F1A /* PBXContainerItemProxy */ = {
			isa = PBXContainerItemProxy;
			containerPortal = B74D88392DB289C800825F1A /* Project object */;
			proxyType = 1;
			remoteGlobalIDString = B74D88402DB289C800825F1A;
			remoteInfo = catchfood;
		};
		B74D88622DB289C900825F1A /* PBXContainerItemProxy */ = {
			isa = PBXContainerItemProxy;
			containerPortal = B74D88392DB289C800825F1A /* Project object */;
			proxyType = 1;
			remoteGlobalIDString = B74D88402DB289C800825F1A;
			remoteInfo = catchfood;
		};
/* End PBXContainerItemProxy section */

/* Begin PBXFileReference section */
		B74D88412DB289C800825F1A /* catchfood.app */ = {isa = PBXFileReference; explicitFileType = wrapper.application; includeInIndex = 0; path = catchfood.app; sourceTree = BUILT_PRODUCTS_DIR; };
		B74D88572DB289C900825F1A /* catchfoodTests.xctest */ = {isa = PBXFileReference; explicitFileType = wrapper.cfbundle; includeInIndex = 0; path = catchfoodTests.xctest; sourceTree = BUILT_PRODUCTS_DIR; };
		B74D88612DB289C900825F1A /* catchfoodUITests.xctest */ = {isa = PBXFileReference; explicitFileType = wrapper.cfbundle; includeInIndex = 0; path = catchfoodUITests.xctest; sourceTree = BUILT_PRODUCTS_DIR; };
/* End PBXFileReference section */

/* Begin PBXFileSystemSynchronizedBuildFileExceptionSet section */
		B74D88692DB289C900825F1A /* Exceptions for "catchfood" folder in "catchfood" target */ = {
			isa = PBXFileSystemSynchronizedBuildFileExceptionSet;
			membershipExceptions = (
				Info.plist,
				Untitled.swift,
			);
			target = B74D88402DB289C800825F1A /* catchfood */;
		};
/* End PBXFileSystemSynchronizedBuildFileExceptionSet section */

/* Begin PBXFileSystemSynchronizedRootGroup section */
		B74D88432DB289C800825F1A /* catchfood */ = {
			isa = PBXFileSystemSynchronizedRootGroup;
			exceptions = (
				B74D88692DB289C900825F1A /* Exceptions for "catchfood" folder in "catchfood" target */,
			);
			path = catchfood;
			sourceTree = "<group>";
		};
		B74D885A2DB289C900825F1A /* catchfoodTests */ = {
			isa = PBXFileSystemSynchronizedRootGroup;
			path = catchfoodTests;
			sourceTree = "<group>";
		};
		B74D88642DB289C900825F1A /* catchfoodUITests */ = {
			isa = PBXFileSystemSynchronizedRootGroup;
			path = catchfoodUITests;
			sourceTree = "<group>";
		};
/* End PBXFileSystemSynchronizedRootGroup section */

/* Begin PBXFrameworksBuildPhase section */
		B74D883E2DB289C800825F1A /* Frameworks */ = {
			isa = PBXFrameworksBuildPhase;
			buildActionMask = 2147483647;
			files = (
				53A2DF462DB28C1E00550111 /* RxCocoa in Frameworks */,
				53A2DF402DB28BDE00550111 /* SnapKit in Frameworks */,
				53A2DF4A2DB28C1E00550111 /* RxSwift in Frameworks */,
				53A2DF482DB28C1E00550111 /* RxRelay in Frameworks */,
				53A2DF432DB28BED00550111 /* Alamofire in Frameworks */,
			);
			runOnlyForDeploymentPostprocessing = 0;
		};
		B74D88542DB289C900825F1A /* Frameworks */ = {
			isa = PBXFrameworksBuildPhase;
			buildActionMask = 2147483647;
			files = (
			);
			runOnlyForDeploymentPostprocessing = 0;
		};
		B74D885E2DB289C900825F1A /* Frameworks */ = {
			isa = PBXFrameworksBuildPhase;
			buildActionMask = 2147483647;
			files = (
			);
			runOnlyForDeploymentPostprocessing = 0;
		};
/* End PBXFrameworksBuildPhase section */

/* Begin PBXGroup section */
		B74D88382DB289C800825F1A = {
			isa = PBXGroup;
			children = (
				B74D88432DB289C800825F1A /* catchfood */,
				B74D885A2DB289C900825F1A /* catchfoodTests */,
				B74D88642DB289C900825F1A /* catchfoodUITests */,
				B74D88422DB289C800825F1A /* Products */,
			);
			sourceTree = "<group>";
		};
		B74D88422DB289C800825F1A /* Products */ = {
			isa = PBXGroup;
			children = (
				B74D88412DB289C800825F1A /* catchfood.app */,
				B74D88572DB289C900825F1A /* catchfoodTests.xctest */,
				B74D88612DB289C900825F1A /* catchfoodUITests.xctest */,
			);
			name = Products;
			sourceTree = "<group>";
		};
/* End PBXGroup section */

/* Begin PBXNativeTarget section */
		B74D88402DB289C800825F1A /* catchfood */ = {
			isa = PBXNativeTarget;
			buildConfigurationList = B74D886A2DB289C900825F1A /* Build configuration list for PBXNativeTarget "catchfood" */;
			buildPhases = (
				B74D883D2DB289C800825F1A /* Sources */,
				B74D883E2DB289C800825F1A /* Frameworks */,
				B74D883F2DB289C800825F1A /* Resources */,
			);
			buildRules = (
			);
			dependencies = (
			);
			fileSystemSynchronizedGroups = (
				B74D88432DB289C800825F1A /* catchfood */,
			);
			name = catchfood;
			packageProductDependencies = (
				53A2DF3F2DB28BDE00550111 /* SnapKit */,
				53A2DF422DB28BED00550111 /* Alamofire */,
				53A2DF452DB28C1E00550111 /* RxCocoa */,
				53A2DF472DB28C1E00550111 /* RxRelay */,
				53A2DF492DB28C1E00550111 /* RxSwift */,
			);
			productName = catchfood;
			productReference = B74D88412DB289C800825F1A /* catchfood.app */;
			productType = "com.apple.product-type.application";
		};
		B74D88562DB289C900825F1A /* catchfoodTests */ = {
			isa = PBXNativeTarget;
			buildConfigurationList = B74D886F2DB289C900825F1A /* Build configuration list for PBXNativeTarget "catchfoodTests" */;
			buildPhases = (
				B74D88532DB289C900825F1A /* Sources */,
				B74D88542DB289C900825F1A /* Frameworks */,
				B74D88552DB289C900825F1A /* Resources */,
			);
			buildRules = (
			);
			dependencies = (
				B74D88592DB289C900825F1A /* PBXTargetDependency */,
			);
			fileSystemSynchronizedGroups = (
				B74D885A2DB289C900825F1A /* catchfoodTests */,
			);
			name = catchfoodTests;
			packageProductDependencies = (
			);
			productName = catchfoodTests;
			productReference = B74D88572DB289C900825F1A /* catchfoodTests.xctest */;
			productType = "com.apple.product-type.bundle.unit-test";
		};
		B74D88602DB289C900825F1A /* catchfoodUITests */ = {
			isa = PBXNativeTarget;
			buildConfigurationList = B74D88722DB289C900825F1A /* Build configuration list for PBXNativeTarget "catchfoodUITests" */;
			buildPhases = (
				B74D885D2DB289C900825F1A /* Sources */,
				B74D885E2DB289C900825F1A /* Frameworks */,
				B74D885F2DB289C900825F1A /* Resources */,
			);
			buildRules = (
			);
			dependencies = (
				B74D88632DB289C900825F1A /* PBXTargetDependency */,
			);
			fileSystemSynchronizedGroups = (
				B74D88642DB289C900825F1A /* catchfoodUITests */,
			);
			name = catchfoodUITests;
			packageProductDependencies = (
			);
			productName = catchfoodUITests;
			productReference = B74D88612DB289C900825F1A /* catchfoodUITests.xctest */;
			productType = "com.apple.product-type.bundle.ui-testing";
		};
/* End PBXNativeTarget section */

/* Begin PBXProject section */
		B74D88392DB289C800825F1A /* Project object */ = {
			isa = PBXProject;
			attributes = {
				BuildIndependentTargetsInParallel = 1;
				LastSwiftUpdateCheck = 1630;
				LastUpgradeCheck = 1630;
				TargetAttributes = {
					B74D88402DB289C800825F1A = {
						CreatedOnToolsVersion = 16.3;
					};
					B74D88562DB289C900825F1A = {
						CreatedOnToolsVersion = 16.3;
						TestTargetID = B74D88402DB289C800825F1A;
					};
					B74D88602DB289C900825F1A = {
						CreatedOnToolsVersion = 16.3;
						TestTargetID = B74D88402DB289C800825F1A;
					};
				};
			};
			buildConfigurationList = B74D883C2DB289C800825F1A /* Build configuration list for PBXProject "catchfood" */;
			developmentRegion = en;
			hasScannedForEncodings = 0;
			knownRegions = (
				en,
				Base,
			);
			mainGroup = B74D88382DB289C800825F1A;
			minimizedProjectReferenceProxies = 1;
			packageReferences = (
				53A2DF3E2DB28BDE00550111 /* XCRemoteSwiftPackageReference "SnapKit" */,
				53A2DF412DB28BED00550111 /* XCRemoteSwiftPackageReference "Alamofire" */,
				53A2DF442DB28C1E00550111 /* XCRemoteSwiftPackageReference "RxSwift" */,
			);
			preferredProjectObjectVersion = 77;
			productRefGroup = B74D88422DB289C800825F1A /* Products */;
			projectDirPath = "";
			projectRoot = "";
			targets = (
				B74D88402DB289C800825F1A /* catchfood */,
				B74D88562DB289C900825F1A /* catchfoodTests */,
				B74D88602DB289C900825F1A /* catchfoodUITests */,
			);
		};
/* End PBXProject section */

/* Begin PBXResourcesBuildPhase section */
		B74D883F2DB289C800825F1A /* Resources */ = {
			isa = PBXResourcesBuildPhase;
			buildActionMask = 2147483647;
			files = (
			);
			runOnlyForDeploymentPostprocessing = 0;
		};
		B74D88552DB289C900825F1A /* Resources */ = {
			isa = PBXResourcesBuildPhase;
			buildActionMask = 2147483647;
			files = (
			);
			runOnlyForDeploymentPostprocessing = 0;
		};
		B74D885F2DB289C900825F1A /* Resources */ = {
			isa = PBXResourcesBuildPhase;
			buildActionMask = 2147483647;
			files = (
			);
			runOnlyForDeploymentPostprocessing = 0;
		};
/* End PBXResourcesBuildPhase section */

/* Begin PBXSourcesBuildPhase section */
		B74D883D2DB289C800825F1A /* Sources */ = {
			isa = PBXSourcesBuildPhase;
			buildActionMask = 2147483647;
			files = (
			);
			runOnlyForDeploymentPostprocessing = 0;
		};
		B74D88532DB289C900825F1A /* Sources */ = {
			isa = PBXSourcesBuildPhase;
			buildActionMask = 2147483647;
			files = (
			);
			runOnlyForDeploymentPostprocessing = 0;
		};
		B74D885D2DB289C900825F1A /* Sources */ = {
			isa = PBXSourcesBuildPhase;
			buildActionMask = 2147483647;
			files = (
			);
			runOnlyForDeploymentPostprocessing = 0;
		};
/* End PBXSourcesBuildPhase section */

/* Begin PBXTargetDependency section */
		B74D88592DB289C900825F1A /* PBXTargetDependency */ = {
			isa = PBXTargetDependency;
			target = B74D88402DB289C800825F1A /* catchfood */;
			targetProxy = B74D88582DB289C900825F1A /* PBXContainerItemProxy */;
		};
		B74D88632DB289C900825F1A /* PBXTargetDependency */ = {
			isa = PBXTargetDependency;
			target = B74D88402DB289C800825F1A /* catchfood */;
			targetProxy = B74D88622DB289C900825F1A /* PBXContainerItemProxy */;
		};
/* End PBXTargetDependency section */

/* Begin XCBuildConfiguration section */
		B74D886B2DB289C900825F1A /* Debug */ = {
			isa = XCBuildConfiguration;
			buildSettings = {
				ASSETCATALOG_COMPILER_APPICON_NAME = AppIcon;
				ASSETCATALOG_COMPILER_GLOBAL_ACCENT_COLOR_NAME = AccentColor;
				CODE_SIGN_STYLE = Automatic;
				CURRENT_PROJECT_VERSION = 1;
				DEVELOPMENT_TEAM = 977J65FA28;
				GENERATE_INFOPLIST_FILE = YES;
				INFOPLIST_FILE = catchfood/Info.plist;
				INFOPLIST_KEY_UIApplicationSupportsIndirectInputEvents = YES;
				INFOPLIST_KEY_UILaunchStoryboardName = LaunchScreen;
				INFOPLIST_KEY_UISupportedInterfaceOrientations_iPad = "UIInterfaceOrientationPortrait UIInterfaceOrientationPortraitUpsideDown UIInterfaceOrientationLandscapeLeft UIInterfaceOrientationLandscapeRight";
				INFOPLIST_KEY_UISupportedInterfaceOrientations_iPhone = "UIInterfaceOrientationPortrait UIInterfaceOrientationLandscapeLeft UIInterfaceOrientationLandscapeRight";
				IPHONEOS_DEPLOYMENT_TARGET = 18.0;
				LD_RUNPATH_SEARCH_PATHS = (
					"$(inherited)",
					"@executable_path/Frameworks",
				);
				MARKETING_VERSION = 1.0;
				PRODUCT_BUNDLE_IDENTIFIER = app.catchfood.catchfood;
				PRODUCT_NAME = "$(TARGET_NAME)";
				SUPPORTED_PLATFORMS = "iphoneos iphonesimulator";
				SUPPORTS_MACCATALYST = NO;
				SUPPORTS_MAC_DESIGNED_FOR_IPHONE_IPAD = NO;
				SUPPORTS_XR_DESIGNED_FOR_IPHONE_IPAD = NO;
				SWIFT_EMIT_LOC_STRINGS = YES;
				SWIFT_VERSION = 5.0;
				TARGETED_DEVICE_FAMILY = 1;
			};
			name = Debug;
		};
		B74D886C2DB289C900825F1A /* Release */ = {
			isa = XCBuildConfiguration;
			buildSettings = {
				ASSETCATALOG_COMPILER_APPICON_NAME = AppIcon;
				ASSETCATALOG_COMPILER_GLOBAL_ACCENT_COLOR_NAME = AccentColor;
				CODE_SIGN_STYLE = Automatic;
				CURRENT_PROJECT_VERSION = 1;
				DEVELOPMENT_TEAM = 977J65FA28;
				GENERATE_INFOPLIST_FILE = YES;
				INFOPLIST_FILE = catchfood/Info.plist;
				INFOPLIST_KEY_UIApplicationSupportsIndirectInputEvents = YES;
				INFOPLIST_KEY_UILaunchStoryboardName = LaunchScreen;
				INFOPLIST_KEY_UISupportedInterfaceOrientations_iPad = "UIInterfaceOrientationPortrait UIInterfaceOrientationPortraitUpsideDown UIInterfaceOrientationLandscapeLeft UIInterfaceOrientationLandscapeRight";
				INFOPLIST_KEY_UISupportedInterfaceOrientations_iPhone = "UIInterfaceOrientationPortrait UIInterfaceOrientationLandscapeLeft UIInterfaceOrientationLandscapeRight";
				IPHONEOS_DEPLOYMENT_TARGET = 18.0;
				LD_RUNPATH_SEARCH_PATHS = (
					"$(inherited)",
					"@executable_path/Frameworks",
				);
				MARKETING_VERSION = 1.0;
				PRODUCT_BUNDLE_IDENTIFIER = app.catchfood.catchfood;
				PRODUCT_NAME = "$(TARGET_NAME)";
				SUPPORTED_PLATFORMS = "iphoneos iphonesimulator";
				SUPPORTS_MACCATALYST = NO;
				SUPPORTS_MAC_DESIGNED_FOR_IPHONE_IPAD = NO;
				SUPPORTS_XR_DESIGNED_FOR_IPHONE_IPAD = NO;
				SWIFT_EMIT_LOC_STRINGS = YES;
				SWIFT_VERSION = 5.0;
				TARGETED_DEVICE_FAMILY = 1;
			};
			name = Release;
		};
		B74D886D2DB289C900825F1A /* Debug */ = {
			isa = XCBuildConfiguration;
			buildSettings = {
				ALWAYS_SEARCH_USER_PATHS = NO;
				ASSETCATALOG_COMPILER_GENERATE_SWIFT_ASSET_SYMBOL_EXTENSIONS = YES;
				CLANG_ANALYZER_NONNULL = YES;
				CLANG_ANALYZER_NUMBER_OBJECT_CONVERSION = YES_AGGRESSIVE;
				CLANG_CXX_LANGUAGE_STANDARD = "gnu++20";
				CLANG_ENABLE_MODULES = YES;
				CLANG_ENABLE_OBJC_ARC = YES;
				CLANG_ENABLE_OBJC_WEAK = YES;
				CLANG_WARN_BLOCK_CAPTURE_AUTORELEASING = YES;
				CLANG_WARN_BOOL_CONVERSION = YES;
				CLANG_WARN_COMMA = YES;
				CLANG_WARN_CONSTANT_CONVERSION = YES;
				CLANG_WARN_DEPRECATED_OBJC_IMPLEMENTATIONS = YES;
				CLANG_WARN_DIRECT_OBJC_ISA_USAGE = YES_ERROR;
				CLANG_WARN_DOCUMENTATION_COMMENTS = YES;
				CLANG_WARN_EMPTY_BODY = YES;
				CLANG_WARN_ENUM_CONVERSION = YES;
				CLANG_WARN_INFINITE_RECURSION = YES;
				CLANG_WARN_INT_CONVERSION = YES;
				CLANG_WARN_NON_LITERAL_NULL_CONVERSION = YES;
				CLANG_WARN_OBJC_IMPLICIT_RETAIN_SELF = YES;
				CLANG_WARN_OBJC_LITERAL_CONVERSION = YES;
				CLANG_WARN_OBJC_ROOT_CLASS = YES_ERROR;
				CLANG_WARN_QUOTED_INCLUDE_IN_FRAMEWORK_HEADER = YES;
				CLANG_WARN_RANGE_LOOP_ANALYSIS = YES;
				CLANG_WARN_STRICT_PROTOTYPES = YES;
				CLANG_WARN_SUSPICIOUS_MOVE = YES;
				CLANG_WARN_UNGUARDED_AVAILABILITY = YES_AGGRESSIVE;
				CLANG_WARN_UNREACHABLE_CODE = YES;
				CLANG_WARN__DUPLICATE_METHOD_MATCH = YES;
				COPY_PHASE_STRIP = NO;
				DEBUG_INFORMATION_FORMAT = dwarf;
				DEVELOPMENT_TEAM = WAWF7YRJAR;
				ENABLE_STRICT_OBJC_MSGSEND = YES;
				ENABLE_TESTABILITY = YES;
				ENABLE_USER_SCRIPT_SANDBOXING = YES;
				GCC_C_LANGUAGE_STANDARD = gnu17;
				GCC_DYNAMIC_NO_PIC = NO;
				GCC_NO_COMMON_BLOCKS = YES;
				GCC_OPTIMIZATION_LEVEL = 0;
				GCC_PREPROCESSOR_DEFINITIONS = (
					"DEBUG=1",
					"$(inherited)",
				);
				GCC_WARN_64_TO_32_BIT_CONVERSION = YES;
				GCC_WARN_ABOUT_RETURN_TYPE = YES_ERROR;
				GCC_WARN_UNDECLARED_SELECTOR = YES;
				GCC_WARN_UNINITIALIZED_AUTOS = YES_AGGRESSIVE;
				GCC_WARN_UNUSED_FUNCTION = YES;
				GCC_WARN_UNUSED_VARIABLE = YES;
				IPHONEOS_DEPLOYMENT_TARGET = 18.4;
				LOCALIZATION_PREFERS_STRING_CATALOGS = YES;
				MTL_ENABLE_DEBUG_INFO = INCLUDE_SOURCE;
				MTL_FAST_MATH = YES;
				ONLY_ACTIVE_ARCH = YES;
				SDKROOT = iphoneos;
				SWIFT_ACTIVE_COMPILATION_CONDITIONS = "DEBUG $(inherited)";
				SWIFT_OPTIMIZATION_LEVEL = "-Onone";
			};
			name = Debug;
		};
		B74D886E2DB289C900825F1A /* Release */ = {
			isa = XCBuildConfiguration;
			buildSettings = {
				ALWAYS_SEARCH_USER_PATHS = NO;
				ASSETCATALOG_COMPILER_GENERATE_SWIFT_ASSET_SYMBOL_EXTENSIONS = YES;
				CLANG_ANALYZER_NONNULL = YES;
				CLANG_ANALYZER_NUMBER_OBJECT_CONVERSION = YES_AGGRESSIVE;
				CLANG_CXX_LANGUAGE_STANDARD = "gnu++20";
				CLANG_ENABLE_MODULES = YES;
				CLANG_ENABLE_OBJC_ARC = YES;
				CLANG_ENABLE_OBJC_WEAK = YES;
				CLANG_WARN_BLOCK_CAPTURE_AUTORELEASING = YES;
				CLANG_WARN_BOOL_CONVERSION = YES;
				CLANG_WARN_COMMA = YES;
				CLANG_WARN_CONSTANT_CONVERSION = YES;
				CLANG_WARN_DEPRECATED_OBJC_IMPLEMENTATIONS = YES;
				CLANG_WARN_DIRECT_OBJC_ISA_USAGE = YES_ERROR;
				CLANG_WARN_DOCUMENTATION_COMMENTS = YES;
				CLANG_WARN_EMPTY_BODY = YES;
				CLANG_WARN_ENUM_CONVERSION = YES;
				CLANG_WARN_INFINITE_RECURSION = YES;
				CLANG_WARN_INT_CONVERSION = YES;
				CLANG_WARN_NON_LITERAL_NULL_CONVERSION = YES;
				CLANG_WARN_OBJC_IMPLICIT_RETAIN_SELF = YES;
				CLANG_WARN_OBJC_LITERAL_CONVERSION = YES;
				CLANG_WARN_OBJC_ROOT_CLASS = YES_ERROR;
				CLANG_WARN_QUOTED_INCLUDE_IN_FRAMEWORK_HEADER = YES;
				CLANG_WARN_RANGE_LOOP_ANALYSIS = YES;
				CLANG_WARN_STRICT_PROTOTYPES = YES;
				CLANG_WARN_SUSPICIOUS_MOVE = YES;
				CLANG_WARN_UNGUARDED_AVAILABILITY = YES_AGGRESSIVE;
				CLANG_WARN_UNREACHABLE_CODE = YES;
				CLANG_WARN__DUPLICATE_METHOD_MATCH = YES;
				COPY_PHASE_STRIP = NO;
				DEBUG_INFORMATION_FORMAT = "dwarf-with-dsym";
				DEVELOPMENT_TEAM = WAWF7YRJAR;
				ENABLE_NS_ASSERTIONS = NO;
				ENABLE_STRICT_OBJC_MSGSEND = YES;
				ENABLE_USER_SCRIPT_SANDBOXING = YES;
				GCC_C_LANGUAGE_STANDARD = gnu17;
				GCC_NO_COMMON_BLOCKS = YES;
				GCC_WARN_64_TO_32_BIT_CONVERSION = YES;
				GCC_WARN_ABOUT_RETURN_TYPE = YES_ERROR;
				GCC_WARN_UNDECLARED_SELECTOR = YES;
				GCC_WARN_UNINITIALIZED_AUTOS = YES_AGGRESSIVE;
				GCC_WARN_UNUSED_FUNCTION = YES;
				GCC_WARN_UNUSED_VARIABLE = YES;
				IPHONEOS_DEPLOYMENT_TARGET = 18.4;
				LOCALIZATION_PREFERS_STRING_CATALOGS = YES;
				MTL_ENABLE_DEBUG_INFO = NO;
				MTL_FAST_MATH = YES;
				SDKROOT = iphoneos;
				SWIFT_COMPILATION_MODE = wholemodule;
				VALIDATE_PRODUCT = YES;
			};
			name = Release;
		};
		B74D88702DB289C900825F1A /* Debug */ = {
			isa = XCBuildConfiguration;
			buildSettings = {
				BUNDLE_LOADER = "$(TEST_HOST)";
				CODE_SIGN_STYLE = Automatic;
				CURRENT_PROJECT_VERSION = 1;
				DEVELOPMENT_TEAM = WAWF7YRJAR;
				GENERATE_INFOPLIST_FILE = YES;
				IPHONEOS_DEPLOYMENT_TARGET = 18.4;
				MARKETING_VERSION = 1.0;
				PRODUCT_BUNDLE_IDENTIFIER = app.catchfood.catchfoodTests;
				PRODUCT_NAME = "$(TARGET_NAME)";
				SWIFT_EMIT_LOC_STRINGS = NO;
				SWIFT_VERSION = 5.0;
				TARGETED_DEVICE_FAMILY = "1,2";
				TEST_HOST = "$(BUILT_PRODUCTS_DIR)/catchfood.app/$(BUNDLE_EXECUTABLE_FOLDER_PATH)/catchfood";
			};
			name = Debug;
		};
		B74D88712DB289C900825F1A /* Release */ = {
			isa = XCBuildConfiguration;
			buildSettings = {
				BUNDLE_LOADER = "$(TEST_HOST)";
				CODE_SIGN_STYLE = Automatic;
				CURRENT_PROJECT_VERSION = 1;
				DEVELOPMENT_TEAM = WAWF7YRJAR;
				GENERATE_INFOPLIST_FILE = YES;
				IPHONEOS_DEPLOYMENT_TARGET = 18.4;
				MARKETING_VERSION = 1.0;
				PRODUCT_BUNDLE_IDENTIFIER = app.catchfood.catchfoodTests;
				PRODUCT_NAME = "$(TARGET_NAME)";
				SWIFT_EMIT_LOC_STRINGS = NO;
				SWIFT_VERSION = 5.0;
				TARGETED_DEVICE_FAMILY = "1,2";
				TEST_HOST = "$(BUILT_PRODUCTS_DIR)/catchfood.app/$(BUNDLE_EXECUTABLE_FOLDER_PATH)/catchfood";
			};
			name = Release;
		};
		B74D88732DB289C900825F1A /* Debug */ = {
			isa = XCBuildConfiguration;
			buildSettings = {
				CODE_SIGN_STYLE = Automatic;
				CURRENT_PROJECT_VERSION = 1;
				DEVELOPMENT_TEAM = WAWF7YRJAR;
				GENERATE_INFOPLIST_FILE = YES;
				MARKETING_VERSION = 1.0;
				PRODUCT_BUNDLE_IDENTIFIER = app.catchfood.catchfoodUITests;
				PRODUCT_NAME = "$(TARGET_NAME)";
				SWIFT_EMIT_LOC_STRINGS = NO;
				SWIFT_VERSION = 5.0;
				TARGETED_DEVICE_FAMILY = "1,2";
				TEST_TARGET_NAME = catchfood;
			};
			name = Debug;
		};
		B74D88742DB289C900825F1A /* Release */ = {
			isa = XCBuildConfiguration;
			buildSettings = {
				CODE_SIGN_STYLE = Automatic;
				CURRENT_PROJECT_VERSION = 1;
				DEVELOPMENT_TEAM = WAWF7YRJAR;
				GENERATE_INFOPLIST_FILE = YES;
				MARKETING_VERSION = 1.0;
				PRODUCT_BUNDLE_IDENTIFIER = app.catchfood.catchfoodUITests;
				PRODUCT_NAME = "$(TARGET_NAME)";
				SWIFT_EMIT_LOC_STRINGS = NO;
				SWIFT_VERSION = 5.0;
				TARGETED_DEVICE_FAMILY = "1,2";
				TEST_TARGET_NAME = catchfood;
			};
			name = Release;
		};
/* End XCBuildConfiguration section */

/* Begin XCConfigurationList section */
		B74D883C2DB289C800825F1A /* Build configuration list for PBXProject "catchfood" */ = {
			isa = XCConfigurationList;
			buildConfigurations = (
				B74D886D2DB289C900825F1A /* Debug */,
				B74D886E2DB289C900825F1A /* Release */,
			);
			defaultConfigurationIsVisible = 0;
			defaultConfigurationName = Release;
		};
		B74D886A2DB289C900825F1A /* Build configuration list for PBXNativeTarget "catchfood" */ = {
			isa = XCConfigurationList;
			buildConfigurations = (
				B74D886B2DB289C900825F1A /* Debug */,
				B74D886C2DB289C900825F1A /* Release */,
			);
			defaultConfigurationIsVisible = 0;
			defaultConfigurationName = Release;
		};
		B74D886F2DB289C900825F1A /* Build configuration list for PBXNativeTarget "catchfoodTests" */ = {
			isa = XCConfigurationList;
			buildConfigurations = (
				B74D88702DB289C900825F1A /* Debug */,
				B74D88712DB289C900825F1A /* Release */,
			);
			defaultConfigurationIsVisible = 0;
			defaultConfigurationName = Release;
		};
		B74D88722DB289C900825F1A /* Build configuration list for PBXNativeTarget "catchfoodUITests" */ = {
			isa = XCConfigurationList;
			buildConfigurations = (
				B74D88732DB289C900825F1A /* Debug */,
				B74D88742DB289C900825F1A /* Release */,
			);
			defaultConfigurationIsVisible = 0;
			defaultConfigurationName = Release;
		};
/* End XCConfigurationList section */

/* Begin XCRemoteSwiftPackageReference section */
		53A2DF3E2DB28BDE00550111 /* XCRemoteSwiftPackageReference "SnapKit" */ = {
			isa = XCRemoteSwiftPackageReference;
			repositoryURL = "https://github.com/SnapKit/SnapKit.git";
			requirement = {
				kind = upToNextMajorVersion;
				minimumVersion = 5.7.1;
			};
		};
		53A2DF412DB28BED00550111 /* XCRemoteSwiftPackageReference "Alamofire" */ = {
			isa = XCRemoteSwiftPackageReference;
			repositoryURL = "https://github.com/Alamofire/Alamofire.git";
			requirement = {
				kind = upToNextMajorVersion;
				minimumVersion = 5.10.2;
			};
		};
		53A2DF442DB28C1E00550111 /* XCRemoteSwiftPackageReference "RxSwift" */ = {
			isa = XCRemoteSwiftPackageReference;
			repositoryURL = "https://github.com/ReactiveX/RxSwift";
			requirement = {
				kind = upToNextMajorVersion;
				minimumVersion = 6.9.0;
			};
		};
/* End XCRemoteSwiftPackageReference section */

/* Begin XCSwiftPackageProductDependency section */
		53A2DF3F2DB28BDE00550111 /* SnapKit */ = {
			isa = XCSwiftPackageProductDependency;
			package = 53A2DF3E2DB28BDE00550111 /* XCRemoteSwiftPackageReference "SnapKit" */;
			productName = SnapKit;
		};
		53A2DF422DB28BED00550111 /* Alamofire */ = {
			isa = XCSwiftPackageProductDependency;
			package = 53A2DF412DB28BED00550111 /* XCRemoteSwiftPackageReference "Alamofire" */;
			productName = Alamofire;
		};
		53A2DF452DB28C1E00550111 /* RxCocoa */ = {
			isa = XCSwiftPackageProductDependency;
			package = 53A2DF442DB28C1E00550111 /* XCRemoteSwiftPackageReference "RxSwift" */;
			productName = RxCocoa;
		};
		53A2DF472DB28C1E00550111 /* RxRelay */ = {
			isa = XCSwiftPackageProductDependency;
			package = 53A2DF442DB28C1E00550111 /* XCRemoteSwiftPackageReference "RxSwift" */;
			productName = RxRelay;
		};
		53A2DF492DB28C1E00550111 /* RxSwift */ = {
			isa = XCSwiftPackageProductDependency;
			package = 53A2DF442DB28C1E00550111 /* XCRemoteSwiftPackageReference "RxSwift" */;
			productName = RxSwift;
		};
/* End XCSwiftPackageProductDependency section */
	};
	rootObject = B74D88392DB289C800825F1A /* Project object */;
}
